
Microsoft Visual Studio Solution File, Format Version 12.00
# Visual Studio Version 17
VisualStudioVersion = 17.5.33424.131
MinimumVisualStudioVersion = 10.0.40219.1
Project("{9A19103F-16F7-4668-BE54-9A1E7A4F7556}") = "OctoChessAPI", "OctoChessAPI\OctoChessAPI.csproj", "{38834D20-7FA7-479E-8421-91FFD13D2DCF}"
EndProject
Project("{9A19103F-16F7-4668-BE54-9A1E7A4F7556}") = "OctoChessEngine", "OctoChessEngine\OctoChessEngine.csproj", "{854C70C8-BF17-41B8-B655-F6BE8BC5950E}"
EndProject
Project("{9A19103F-16F7-4668-BE54-9A1E7A4F7556}") = "ChessGameLibrary", "..\ChessGameLibrary\ChessGameLibrary.csproj", "{7AF062FA-49A3-4375-B40C-217B5B4E93E7}"
EndProject
Project("{9A19103F-16F7-4668-BE54-9A1E7A4F7556}") = "MachineLearning", "MachineLearning\MachineLearning.csproj", "{FFE0ED5F-C480-4E8D-B32C-A6CD90871902}"
EndProject
Project("{2150E333-8FDC-42A3-9474-1A3956D46DE8}") = "Tests", "Tests", "{A05575F1-495E-4AB9-990B-5DD40993FA3B}"
EndProject
Project("{FAE04EC0-301F-11D3-BF4B-00C04F79EFBC}") = "TestChessGameLibrary", "TestChessGameLibrary\TestChessGameLibrary.csproj", "{9053864E-EBAB-44E5-8B90-5531B36CF377}"
EndProject
Global
	GlobalSection(SolutionConfigurationPlatforms) = preSolution
		Debug|Any CPU = Debug|Any CPU
		Debug|x64 = Debug|x64
		Debug|x86 = Debug|x86
		Release|Any CPU = Release|Any CPU
		Release|x64 = Release|x64
		Release|x86 = Release|x86
	EndGlobalSection
	GlobalSection(ProjectConfigurationPlatforms) = postSolution
		{38834D20-7FA7-479E-8421-91FFD13D2DCF}.Debug|Any CPU.ActiveCfg = Debug|Any CPU
		{38834D20-7FA7-479E-8421-91FFD13D2DCF}.Debug|Any CPU.Build.0 = Debug|Any CPU
		{38834D20-7FA7-479E-8421-91FFD13D2DCF}.Debug|x64.ActiveCfg = Debug|x64
		{38834D20-7FA7-479E-8421-91FFD13D2DCF}.Debug|x64.Build.0 = Debug|x64
		{38834D20-7FA7-479E-8421-91FFD13D2DCF}.Debug|x86.ActiveCfg = Debug|Any CPU
		{38834D20-7FA7-479E-8421-91FFD13D2DCF}.Debug|x86.Build.0 = Debug|Any CPU
		{38834D20-7FA7-479E-8421-91FFD13D2DCF}.Release|Any CPU.ActiveCfg = Release|Any CPU
		{38834D20-7FA7-479E-8421-91FFD13D2DCF}.Release|Any CPU.Build.0 = Release|Any CPU
		{38834D20-7FA7-479E-8421-91FFD13D2DCF}.Release|x64.ActiveCfg = Release|x64
		{38834D20-7FA7-479E-8421-91FFD13D2DCF}.Release|x64.Build.0 = Release|x64
		{38834D20-7FA7-479E-8421-91FFD13D2DCF}.Release|x86.ActiveCfg = Release|Any CPU
		{38834D20-7FA7-479E-8421-91FFD13D2DCF}.Release|x86.Build.0 = Release|Any CPU
		{854C70C8-BF17-41B8-B655-F6BE8BC5950E}.Debug|Any CPU.ActiveCfg = Debug|Any CPU
		{854C70C8-BF17-41B8-B655-F6BE8BC5950E}.Debug|Any CPU.Build.0 = Debug|Any CPU
		{854C70C8-BF17-41B8-B655-F6BE8BC5950E}.Debug|x64.ActiveCfg = Debug|x64
		{854C70C8-BF17-41B8-B655-F6BE8BC5950E}.Debug|x64.Build.0 = Debug|x64
		{854C70C8-BF17-41B8-B655-F6BE8BC5950E}.Debug|x86.ActiveCfg = Debug|Any CPU
		{854C70C8-BF17-41B8-B655-F6BE8BC5950E}.Debug|x86.Build.0 = Debug|Any CPU
		{854C70C8-BF17-41B8-B655-F6BE8BC5950E}.Release|Any CPU.ActiveCfg = Release|Any CPU
		{854C70C8-BF17-41B8-B655-F6BE8BC5950E}.Release|Any CPU.Build.0 = Release|Any CPU
		{854C70C8-BF17-41B8-B655-F6BE8BC5950E}.Release|x64.ActiveCfg = Release|x64
		{854C70C8-BF17-41B8-B655-F6BE8BC5950E}.Release|x64.Build.0 = Release|x64
		{854C70C8-BF17-41B8-B655-F6BE8BC5950E}.Release|x86.ActiveCfg = Release|Any CPU
		{854C70C8-BF17-41B8-B655-F6BE8BC5950E}.Release|x86.Build.0 = Release|Any CPU
		{7AF062FA-49A3-4375-B40C-217B5B4E93E7}.Debug|Any CPU.ActiveCfg = Debug|Any CPU
		{7AF062FA-49A3-4375-B40C-217B5B4E93E7}.Debug|Any CPU.Build.0 = Debug|Any CPU
		{7AF062FA-49A3-4375-B40C-217B5B4E93E7}.Debug|x64.ActiveCfg = Debug|x64
		{7AF062FA-49A3-4375-B40C-217B5B4E93E7}.Debug|x64.Build.0 = Debug|x64
		{7AF062FA-49A3-4375-B40C-217B5B4E93E7}.Debug|x86.ActiveCfg = Debug|Any CPU
		{7AF062FA-49A3-4375-B40C-217B5B4E93E7}.Debug|x86.Build.0 = Debug|Any CPU
		{7AF062FA-49A3-4375-B40C-217B5B4E93E7}.Release|Any CPU.ActiveCfg = Release|Any CPU
		{7AF062FA-49A3-4375-B40C-217B5B4E93E7}.Release|Any CPU.Build.0 = Release|Any CPU
		{7AF062FA-49A3-4375-B40C-217B5B4E93E7}.Release|x64.ActiveCfg = Release|x64
		{7AF062FA-49A3-4375-B40C-217B5B4E93E7}.Release|x64.Build.0 = Release|x64
		{7AF062FA-49A3-4375-B40C-217B5B4E93E7}.Release|x86.ActiveCfg = Release|x86
		{7AF062FA-49A3-4375-B40C-217B5B4E93E7}.Release|x86.Build.0 = Release|x86
		{FFE0ED5F-C480-4E8D-B32C-A6CD90871902}.Debug|Any CPU.ActiveCfg = Debug|Any CPU
		{FFE0ED5F-C480-4E8D-B32C-A6CD90871902}.Debug|Any CPU.Build.0 = Debug|Any CPU
		{FFE0ED5F-C480-4E8D-B32C-A6CD90871902}.Debug|x64.ActiveCfg = Debug|x64
		{FFE0ED5F-C480-4E8D-B32C-A6CD90871902}.Debug|x64.Build.0 = Debug|x64
		{FFE0ED5F-C480-4E8D-B32C-A6CD90871902}.Debug|x86.ActiveCfg = Debug|Any CPU
		{FFE0ED5F-C480-4E8D-B32C-A6CD90871902}.Debug|x86.Build.0 = Debug|Any CPU
		{FFE0ED5F-C480-4E8D-B32C-A6CD90871902}.Release|Any CPU.ActiveCfg = Release|Any CPU
		{FFE0ED5F-C480-4E8D-B32C-A6CD90871902}.Release|Any CPU.Build.0 = Release|Any CPU
		{FFE0ED5F-C480-4E8D-B32C-A6CD90871902}.Release|x64.ActiveCfg = Release|x64
		{FFE0ED5F-C480-4E8D-B32C-A6CD90871902}.Release|x64.Build.0 = Release|x64
		{FFE0ED5F-C480-4E8D-B32C-A6CD90871902}.Release|x86.ActiveCfg = Release|Any CPU
		{FFE0ED5F-C480-4E8D-B32C-A6CD90871902}.Release|x86.Build.0 = Release|Any CPU
		{9053864E-EBAB-44E5-8B90-5531B36CF377}.Debug|Any CPU.ActiveCfg = Debug|Any CPU
		{9053864E-EBAB-44E5-8B90-5531B36CF377}.Debug|Any CPU.Build.0 = Debug|Any CPU
		{9053864E-EBAB-44E5-8B90-5531B36CF377}.Debug|x64.ActiveCfg = Debug|Any CPU
		{9053864E-EBAB-44E5-8B90-5531B36CF377}.Debug|x64.Build.0 = Debug|Any CPU
		{9053864E-EBAB-44E5-8B90-5531B36CF377}.Debug|x86.ActiveCfg = Debug|Any CPU
		{9053864E-EBAB-44E5-8B90-5531B36CF377}.Debug|x86.Build.0 = Debug|Any CPU
		{9053864E-EBAB-44E5-8B90-5531B36CF377}.Release|Any CPU.ActiveCfg = Release|Any CPU
		{9053864E-EBAB-44E5-8B90-5531B36CF377}.Release|Any CPU.Build.0 = Release|Any CPU
		{9053864E-EBAB-44E5-8B90-5531B36CF377}.Release|x64.ActiveCfg = Release|Any CPU
		{9053864E-EBAB-44E5-8B90-5531B36CF377}.Release|x64.Build.0 = Release|Any CPU
		{9053864E-EBAB-44E5-8B90-5531B36CF377}.Release|x86.ActiveCfg = Release|Any CPU
		{9053864E-EBAB-44E5-8B90-5531B36CF377}.Release|x86.Build.0 = Release|Any CPU
	EndGlobalSection
	GlobalSection(SolutionProperties) = preSolution
		HideSolutionNode = FALSE
	EndGlobalSection
	GlobalSection(NestedProjects) = preSolution
		{9053864E-EBAB-44E5-8B90-5531B36CF377} = {A05575F1-495E-4AB9-990B-5DD40993FA3B}
	EndGlobalSection
	GlobalSection(ExtensibilityGlobals) = postSolution
		SolutionGuid = {D0942CEE-0CAB-40AE-B897-42DE31BA32A1}
	EndGlobalSection
EndGlobal
